
Microsoft Visual Studio Solution File, Format Version 12.00
# Visual Studio Version 17
VisualStudioVersion = 17.10.35013.160
MinimumVisualStudioVersion = 10.0.40219.1
Project("{FAE04EC0-301F-11D3-BF4B-00C04F79EFBC}") = "Topic 3 - Variables", "Topic 3 - Variables\Topic 3 - Variables.csproj", "{46806DCE-2FE1-435D-AD6A-DF38FCBE4F5D}"
EndProject
Global
	GlobalSection(SolutionConfigurationPlatforms) = preSolution
		Debug|Any CPU = Debug|Any CPU
		Release|Any CPU = Release|Any CPU
	EndGlobalSection
	GlobalSection(ProjectConfigurationPlatforms) = postSolution
		{46806DCE-2FE1-435D-AD6A-DF38FCBE4F5D}.Debug|Any CPU.ActiveCfg = Debug|Any CPU
		{46806DCE-2FE1-435D-AD6A-DF38FCBE4F5D}.Debug|Any CPU.Build.0 = Debug|Any CPU
		{46806DCE-2FE1-435D-AD6A-DF38FCBE4F5D}.Release|Any CPU.ActiveCfg = Release|Any CPU
		{46806DCE-2FE1-435D-AD6A-DF38FCBE4F5D}.Release|Any CPU.Build.0 = Release|Any CPU
	EndGlobalSection
	GlobalSection(SolutionProperties) = preSolution
		HideSolutionNode = FALSE
	EndGlobalSection
	GlobalSection(ExtensibilityGlobals) = postSolution
		SolutionGuid = {140444B6-D2F7-4F94-92E3-BDF857D77960}
	EndGlobalSection
EndGlobal
